
Microsoft Visual Studio Solution File, Format Version 12.00
Project("{FAE04EC0-301F-11D3-BF4B-00C04F79EFBC}") = "task4", "task4.csproj", "{B97119B1-F346-4FB6-B435-CBF085D42A48}"
EndProject
Global
	GlobalSection(SolutionConfigurationPlatforms) = preSolution
		Debug|Any CPU = Debug|Any CPU
		Release|Any CPU = Release|Any CPU
	EndGlobalSection
	GlobalSection(ProjectConfigurationPlatforms) = postSolution
		{B97119B1-F346-4FB6-B435-CBF085D42A48}.Debug|Any CPU.ActiveCfg = Debug|Any CPU
		{B97119B1-F346-4FB6-B435-CBF085D42A48}.Debug|Any CPU.Build.0 = Debug|Any CPU
		{B97119B1-F346-4FB6-B435-CBF085D42A48}.Release|Any CPU.ActiveCfg = Release|Any CPU
		{B97119B1-F346-4FB6-B435-CBF085D42A48}.Release|Any CPU.Build.0 = Release|Any CPU
	EndGlobalSection
EndGlobal
